
Microsoft Visual Studio Solution File, Format Version 12.00
# Visual Studio Version 17
VisualStudioVersion = 17.7.34024.191
MinimumVisualStudioVersion = 10.0.40219.1
Project("{FAE04EC0-301F-11D3-BF4B-00C04F79EFBC}") = "MaterialDesignInXaml.3284", "MaterialDesignInXaml.3284.csproj", "{FC5B9A9A-3BA2-4703-BB7D-F97BF75B05E7}"
EndProject
Global
	GlobalSection(SolutionConfigurationPlatforms) = preSolution
		Debug|Any CPU = Debug|Any CPU
		Release|Any CPU = Release|Any CPU
	EndGlobalSection
	GlobalSection(ProjectConfigurationPlatforms) = postSolution
		{FC5B9A9A-3BA2-4703-BB7D-F97BF75B05E7}.Debug|Any CPU.ActiveCfg = Debug|Any CPU
		{FC5B9A9A-3BA2-4703-BB7D-F97BF75B05E7}.Debug|Any CPU.Build.0 = Debug|Any CPU
		{FC5B9A9A-3BA2-4703-BB7D-F97BF75B05E7}.Release|Any CPU.ActiveCfg = Release|Any CPU
		{FC5B9A9A-3BA2-4703-BB7D-F97BF75B05E7}.Release|Any CPU.Build.0 = Release|Any CPU
	EndGlobalSection
	GlobalSection(SolutionProperties) = preSolution
		HideSolutionNode = FALSE
	EndGlobalSection
	GlobalSection(ExtensibilityGlobals) = postSolution
		SolutionGuid = {68BFE798-D5F3-4336-86C8-581DB57B42E6}
	EndGlobalSection
EndGlobal
